// !$*UTF8*$!
{
	archiveVersion = 1;
	classes = {
	};
	objectVersion = 46;
	objects = {

/* Begin PBXBuildFile section */
		107F2FF07D7CA4C4688CCC11 /* libPods-百思不得姐UITests.a in Frameworks */ = {isa = PBXBuildFile; fileRef = F07B9CBD2E1226BB636241D6 /* libPods-百思不得姐UITests.a */; };
		37876EA4DF119D73CA46E748 /* libPods-百思不得姐Tests.a in Frameworks */ = {isa = PBXBuildFile; fileRef = 3A9F6B23C1A1E6C9282230E9 /* libPods-百思不得姐Tests.a */; };
		3A0BF1F91DCB51E0006CF22C /* HSYTextField.m in Sources */ = {isa = PBXBuildFile; fileRef = 3A0BF1F81DCB51E0006CF22C /* HSYTextField.m */; };
		3A0BF1FC1DCB5253006CF22C /* UITextField+HSYTextField.m in Sources */ = {isa = PBXBuildFile; fileRef = 3A0BF1FB1DCB5253006CF22C /* UITextField+HSYTextField.m */; };
		3A0BF1FF1DCB5B5B006CF22C /* HSYTableViewCell.m in Sources */ = {isa = PBXBuildFile; fileRef = 3A0BF1FE1DCB5B5B006CF22C /* HSYTableViewCell.m */; };
		3A0BF2021DCB5C20006CF22C /* HSYTCommenCons.m in Sources */ = {isa = PBXBuildFile; fileRef = 3A0BF2011DCB5C20006CF22C /* HSYTCommenCons.m */; };
		3A0BF2051DCB5F92006CF22C /* HSYFootVIew.m in Sources */ = {isa = PBXBuildFile; fileRef = 3A0BF2041DCB5F92006CF22C /* HSYFootVIew.m */; };
		3A0BF2081DCB67E9006CF22C /* HSYMeSquare.m in Sources */ = {isa = PBXBuildFile; fileRef = 3A0BF2071DCB67E9006CF22C /* HSYMeSquare.m */; };
		3A0BF20B1DCB6EA1006CF22C /* HSYSquare.m in Sources */ = {isa = PBXBuildFile; fileRef = 3A0BF20A1DCB6EA1006CF22C /* HSYSquare.m */; };
		3A243F2C1DCD8061001B73A1 /* HSYClearCell.m in Sources */ = {isa = PBXBuildFile; fileRef = 3A243F2B1DCD8061001B73A1 /* HSYClearCell.m */; };
		3A243F321DCD9135001B73A1 /* NSString+HSYFileSize.m in Sources */ = {isa = PBXBuildFile; fileRef = 3A243F311DCD9135001B73A1 /* NSString+HSYFileSize.m */; };
		3A243F351DCDAF96001B73A1 /* HSYOtherCell.m in Sources */ = {isa = PBXBuildFile; fileRef = 3A243F341DCDAF96001B73A1 /* HSYOtherCell.m */; };
		3A243F381DCDBA8A001B73A1 /* HSYAllViewController.m in Sources */ = {isa = PBXBuildFile; fileRef = 3A243F371DCDBA8A001B73A1 /* HSYAllViewController.m */; };
		3A243F3B1DCDBA97001B73A1 /* HSYVideoViewController.m in Sources */ = {isa = PBXBuildFile; fileRef = 3A243F3A1DCDBA97001B73A1 /* HSYVideoViewController.m */; };
		3A243F3E1DCDBAA7001B73A1 /* HSYVoiceViewController.m in Sources */ = {isa = PBXBuildFile; fileRef = 3A243F3D1DCDBAA7001B73A1 /* HSYVoiceViewController.m */; };
		3A243F411DCDBABE001B73A1 /* HSYPictureViewController.m in Sources */ = {isa = PBXBuildFile; fileRef = 3A243F401DCDBABE001B73A1 /* HSYPictureViewController.m */; };
		3A243F441DCDBACF001B73A1 /* HSYWordViewController.m in Sources */ = {isa = PBXBuildFile; fileRef = 3A243F431DCDBACF001B73A1 /* HSYWordViewController.m */; };
		3A243F471DCDC39F001B73A1 /* HSYButton.m in Sources */ = {isa = PBXBuildFile; fileRef = 3A243F461DCDC39F001B73A1 /* HSYButton.m */; };
		3AA8838B1DD04100002FCA8D /* HSYHTTPSessionManager.m in Sources */ = {isa = PBXBuildFile; fileRef = 3AA8838A1DD04100002FCA8D /* HSYHTTPSessionManager.m */; };
		3AA883911DD04681002FCA8D /* HSYRefreshHeader.m in Sources */ = {isa = PBXBuildFile; fileRef = 3AA883901DD04681002FCA8D /* HSYRefreshHeader.m */; };
		3AA883941DD04AEE002FCA8D /* HSYBdjList.m in Sources */ = {isa = PBXBuildFile; fileRef = 3AA883931DD04AEE002FCA8D /* HSYBdjList.m */; };
		3AA883971DD04E8A002FCA8D /* HSYRefreshFooter.m in Sources */ = {isa = PBXBuildFile; fileRef = 3AA883961DD04E8A002FCA8D /* HSYRefreshFooter.m */; };
		3AA8839A1DD057ED002FCA8D /* HSYTopicCell.m in Sources */ = {isa = PBXBuildFile; fileRef = 3AA883991DD057ED002FCA8D /* HSYTopicCell.m */; };
		3AA8839C1DD057FF002FCA8D /* HSYTopicCell.xib in Resources */ = {isa = PBXBuildFile; fileRef = 3AA8839B1DD057FF002FCA8D /* HSYTopicCell.xib */; };
		4820532C1DC969BC00277F7B /* main.m in Sources */ = {isa = PBXBuildFile; fileRef = 4820532B1DC969BC00277F7B /* main.m */; };
		482053371DC969BC00277F7B /* Assets.xcassets in Resources */ = {isa = PBXBuildFile; fileRef = 482053361DC969BC00277F7B /* Assets.xcassets */; };
		4820533A1DC969BC00277F7B /* LaunchScreen.storyboard in Resources */ = {isa = PBXBuildFile; fileRef = 482053381DC969BC00277F7B /* LaunchScreen.storyboard */; };
		482053451DC969BC00277F7B /* _____Tests.m in Sources */ = {isa = PBXBuildFile; fileRef = 482053441DC969BC00277F7B /* _____Tests.m */; };
		482053501DC969BC00277F7B /* _____UITests.m in Sources */ = {isa = PBXBuildFile; fileRef = 4820534F1DC969BC00277F7B /* _____UITests.m */; };
		482053751DC96F4900277F7B /* HSYEssenceController.m in Sources */ = {isa = PBXBuildFile; fileRef = 482053741DC96F4900277F7B /* HSYEssenceController.m */; };
		482053781DC96F6C00277F7B /* HSYFollowController.m in Sources */ = {isa = PBXBuildFile; fileRef = 482053771DC96F6C00277F7B /* HSYFollowController.m */; };
		4820537B1DC96F8100277F7B /* HSYMeController.m in Sources */ = {isa = PBXBuildFile; fileRef = 4820537A1DC96F8100277F7B /* HSYMeController.m */; };
		4820537E1DC96F9C00277F7B /* HSYNewController.m in Sources */ = {isa = PBXBuildFile; fileRef = 4820537D1DC96F9C00277F7B /* HSYNewController.m */; };
		482053811DC96FB300277F7B /* HSYTabBarController.m in Sources */ = {isa = PBXBuildFile; fileRef = 482053801DC96FB300277F7B /* HSYTabBarController.m */; };
		482053841DC96FCF00277F7B /* HSYNavigationController.m in Sources */ = {isa = PBXBuildFile; fileRef = 482053831DC96FCF00277F7B /* HSYNavigationController.m */; };
		482053871DC96FEE00277F7B /* HSYTabBar.m in Sources */ = {isa = PBXBuildFile; fileRef = 482053861DC96FEE00277F7B /* HSYTabBar.m */; };
		4820538A1DC9719A00277F7B /* AppDelegate.m in Sources */ = {isa = PBXBuildFile; fileRef = 482053891DC9719A00277F7B /* AppDelegate.m */; };
		482053901DC972C500277F7B /* UIView+Frame.m in Sources */ = {isa = PBXBuildFile; fileRef = 4820538F1DC972C500277F7B /* UIView+Frame.m */; };
		482053931DC973F200277F7B /* UIBarButtonItem+HSYExtension.m in Sources */ = {isa = PBXBuildFile; fileRef = 482053921DC973F200277F7B /* UIBarButtonItem+HSYExtension.m */; };
		482053971DC98A7C00277F7B /* HSYSetingController.m in Sources */ = {isa = PBXBuildFile; fileRef = 482053961DC98A7C00277F7B /* HSYSetingController.m */; };
		482B94F51DCB181100516988 /* HSYFollowController.xib in Resources */ = {isa = PBXBuildFile; fileRef = 482B94F41DCB181100516988 /* HSYFollowController.xib */; };
		482B94F91DCB1C4600516988 /* HSYLogoinRegisterController.m in Sources */ = {isa = PBXBuildFile; fileRef = 482B94F71DCB1C4600516988 /* HSYLogoinRegisterController.m */; };
		482B94FA1DCB1C4600516988 /* HSYLogoinRegisterController.xib in Resources */ = {isa = PBXBuildFile; fileRef = 482B94F81DCB1C4600516988 /* HSYLogoinRegisterController.xib */; };
		482B94FD1DCB251700516988 /* HSYLoginButton.m in Sources */ = {isa = PBXBuildFile; fileRef = 482B94FC1DCB251700516988 /* HSYLoginButton.m */; };
		48775B1A1DCC1BC2002BF117 /* HSYWebController.m in Sources */ = {isa = PBXBuildFile; fileRef = 48775B181DCC1BC2002BF117 /* HSYWebController.m */; };
		48775B1B1DCC1BC2002BF117 /* HSYWebController.xib in Resources */ = {isa = PBXBuildFile; fileRef = 48775B191DCC1BC2002BF117 /* HSYWebController.xib */; };
		EB54AACEEAEEAE5AA864FDF8 /* libPods-百思不得姐.a in Frameworks */ = {isa = PBXBuildFile; fileRef = 9338D86D9B4DE07C01887FB8 /* libPods-百思不得姐.a */; };
/* End PBXBuildFile section */

/* Begin PBXContainerItemProxy section */
		482053411DC969BC00277F7B /* PBXContainerItemProxy */ = {
			isa = PBXContainerItemProxy;
			containerPortal = 4820531F1DC969BC00277F7B /* Project object */;
			proxyType = 1;
			remoteGlobalIDString = 482053261DC969BC00277F7B;
			remoteInfo = "百思不得姐";
		};
		4820534C1DC969BC00277F7B /* PBXContainerItemProxy */ = {
			isa = PBXContainerItemProxy;
			containerPortal = 4820531F1DC969BC00277F7B /* Project object */;
			proxyType = 1;
			remoteGlobalIDString = 482053261DC969BC00277F7B;
			remoteInfo = "百思不得姐";
		};
/* End PBXContainerItemProxy section */

/* Begin PBXFileReference section */
		066C2B64E5B66593F86094D3 /* Pods-百思不得姐UITests.release.xcconfig */ = {isa = PBXFileReference; includeInIndex = 1; lastKnownFileType = text.xcconfig; name = "Pods-百思不得姐UITests.release.xcconfig"; path = "Pods/Target Support Files/Pods-百思不得姐UITests/Pods-百思不得姐UITests.release.xcconfig"; sourceTree = "<group>"; };
		28FE0DBF8488D20B833AC545 /* Pods-百思不得姐UITests.debug.xcconfig */ = {isa = PBXFileReference; includeInIndex = 1; lastKnownFileType = text.xcconfig; name = "Pods-百思不得姐UITests.debug.xcconfig"; path = "Pods/Target Support Files/Pods-百思不得姐UITests/Pods-百思不得姐UITests.debug.xcconfig"; sourceTree = "<group>"; };
		3A0BF1F71DCB51E0006CF22C /* HSYTextField.h */ = {isa = PBXFileReference; fileEncoding = 4; lastKnownFileType = sourcecode.c.h; path = HSYTextField.h; sourceTree = "<group>"; };
		3A0BF1F81DCB51E0006CF22C /* HSYTextField.m */ = {isa = PBXFileReference; fileEncoding = 4; lastKnownFileType = sourcecode.c.objc; path = HSYTextField.m; sourceTree = "<group>"; };
		3A0BF1FA1DCB5253006CF22C /* UITextField+HSYTextField.h */ = {isa = PBXFileReference; fileEncoding = 4; lastKnownFileType = sourcecode.c.h; path = "UITextField+HSYTextField.h"; sourceTree = "<group>"; };
		3A0BF1FB1DCB5253006CF22C /* UITextField+HSYTextField.m */ = {isa = PBXFileReference; fileEncoding = 4; lastKnownFileType = sourcecode.c.objc; path = "UITextField+HSYTextField.m"; sourceTree = "<group>"; };
		3A0BF1FD1DCB5B5B006CF22C /* HSYTableViewCell.h */ = {isa = PBXFileReference; fileEncoding = 4; lastKnownFileType = sourcecode.c.h; name = HSYTableViewCell.h; path = "百思不得姐/classes/Other - 其他/Category/HSYTableViewCell.h"; sourceTree = SOURCE_ROOT; };
		3A0BF1FE1DCB5B5B006CF22C /* HSYTableViewCell.m */ = {isa = PBXFileReference; fileEncoding = 4; lastKnownFileType = sourcecode.c.objc; name = HSYTableViewCell.m; path = "百思不得姐/classes/Other - 其他/Category/HSYTableViewCell.m"; sourceTree = SOURCE_ROOT; };
		3A0BF2001DCB5C20006CF22C /* HSYTCommenCons.h */ = {isa = PBXFileReference; fileEncoding = 4; lastKnownFileType = sourcecode.c.h; path = HSYTCommenCons.h; sourceTree = "<group>"; };
		3A0BF2011DCB5C20006CF22C /* HSYTCommenCons.m */ = {isa = PBXFileReference; fileEncoding = 4; lastKnownFileType = sourcecode.c.objc; path = HSYTCommenCons.m; sourceTree = "<group>"; };
		3A0BF2031DCB5F92006CF22C /* HSYFootVIew.h */ = {isa = PBXFileReference; fileEncoding = 4; lastKnownFileType = sourcecode.c.h; name = HSYFootVIew.h; path = "百思不得姐/classes/Other - 其他/HSYFootVIew.h"; sourceTree = SOURCE_ROOT; };
		3A0BF2041DCB5F92006CF22C /* HSYFootVIew.m */ = {isa = PBXFileReference; fileEncoding = 4; lastKnownFileType = sourcecode.c.objc; name = HSYFootVIew.m; path = "百思不得姐/classes/Other - 其他/HSYFootVIew.m"; sourceTree = SOURCE_ROOT; };
		3A0BF2061DCB67E9006CF22C /* HSYMeSquare.h */ = {isa = PBXFileReference; fileEncoding = 4; lastKnownFileType = sourcecode.c.h; name = HSYMeSquare.h; path = "百思不得姐/classes/Other - 其他/HSYMeSquare.h"; sourceTree = SOURCE_ROOT; };
		3A0BF2071DCB67E9006CF22C /* HSYMeSquare.m */ = {isa = PBXFileReference; fileEncoding = 4; lastKnownFileType = sourcecode.c.objc; name = HSYMeSquare.m; path = "百思不得姐/classes/Other - 其他/HSYMeSquare.m"; sourceTree = SOURCE_ROOT; };
		3A0BF2091DCB6EA1006CF22C /* HSYSquare.h */ = {isa = PBXFileReference; fileEncoding = 4; lastKnownFileType = sourcecode.c.h; name = HSYSquare.h; path = "百思不得姐/classes/Other - 其他/HSYSquare.h"; sourceTree = SOURCE_ROOT; };
		3A0BF20A1DCB6EA1006CF22C /* HSYSquare.m */ = {isa = PBXFileReference; fileEncoding = 4; lastKnownFileType = sourcecode.c.objc; name = HSYSquare.m; path = "百思不得姐/classes/Other - 其他/HSYSquare.m"; sourceTree = SOURCE_ROOT; };
		3A243F2A1DCD8061001B73A1 /* HSYClearCell.h */ = {isa = PBXFileReference; fileEncoding = 4; lastKnownFileType = sourcecode.c.h; name = HSYClearCell.h; path = "百思不得姐/classes/Other - 其他/HSYClearCell.h"; sourceTree = SOURCE_ROOT; };
		3A243F2B1DCD8061001B73A1 /* HSYClearCell.m */ = {isa = PBXFileReference; fileEncoding = 4; lastKnownFileType = sourcecode.c.objc; name = HSYClearCell.m; path = "百思不得姐/classes/Other - 其他/HSYClearCell.m"; sourceTree = SOURCE_ROOT; };
		3A243F301DCD9135001B73A1 /* NSString+HSYFileSize.h */ = {isa = PBXFileReference; fileEncoding = 4; lastKnownFileType = sourcecode.c.h; path = "NSString+HSYFileSize.h"; sourceTree = "<group>"; };
		3A243F311DCD9135001B73A1 /* NSString+HSYFileSize.m */ = {isa = PBXFileReference; fileEncoding = 4; lastKnownFileType = sourcecode.c.objc; path = "NSString+HSYFileSize.m"; sourceTree = "<group>"; };
		3A243F331DCDAF96001B73A1 /* HSYOtherCell.h */ = {isa = PBXFileReference; fileEncoding = 4; lastKnownFileType = sourcecode.c.h; name = HSYOtherCell.h; path = "百思不得姐/classes/Other - 其他/Category/HSYOtherCell.h"; sourceTree = SOURCE_ROOT; };
		3A243F341DCDAF96001B73A1 /* HSYOtherCell.m */ = {isa = PBXFileReference; fileEncoding = 4; lastKnownFileType = sourcecode.c.objc; name = HSYOtherCell.m; path = "百思不得姐/classes/Other - 其他/Category/HSYOtherCell.m"; sourceTree = SOURCE_ROOT; };
		3A243F361DCDBA8A001B73A1 /* HSYAllViewController.h */ = {isa = PBXFileReference; fileEncoding = 4; lastKnownFileType = sourcecode.c.h; path = HSYAllViewController.h; sourceTree = "<group>"; };
		3A243F371DCDBA8A001B73A1 /* HSYAllViewController.m */ = {isa = PBXFileReference; fileEncoding = 4; lastKnownFileType = sourcecode.c.objc; path = HSYAllViewController.m; sourceTree = "<group>"; };
		3A243F391DCDBA97001B73A1 /* HSYVideoViewController.h */ = {isa = PBXFileReference; fileEncoding = 4; lastKnownFileType = sourcecode.c.h; path = HSYVideoViewController.h; sourceTree = "<group>"; };
		3A243F3A1DCDBA97001B73A1 /* HSYVideoViewController.m */ = {isa = PBXFileReference; fileEncoding = 4; lastKnownFileType = sourcecode.c.objc; path = HSYVideoViewController.m; sourceTree = "<group>"; };
		3A243F3C1DCDBAA7001B73A1 /* HSYVoiceViewController.h */ = {isa = PBXFileReference; fileEncoding = 4; lastKnownFileType = sourcecode.c.h; path = HSYVoiceViewController.h; sourceTree = "<group>"; };
		3A243F3D1DCDBAA7001B73A1 /* HSYVoiceViewController.m */ = {isa = PBXFileReference; fileEncoding = 4; lastKnownFileType = sourcecode.c.objc; path = HSYVoiceViewController.m; sourceTree = "<group>"; };
		3A243F3F1DCDBABE001B73A1 /* HSYPictureViewController.h */ = {isa = PBXFileReference; fileEncoding = 4; lastKnownFileType = sourcecode.c.h; path = HSYPictureViewController.h; sourceTree = "<group>"; };
		3A243F401DCDBABE001B73A1 /* HSYPictureViewController.m */ = {isa = PBXFileReference; fileEncoding = 4; lastKnownFileType = sourcecode.c.objc; path = HSYPictureViewController.m; sourceTree = "<group>"; };
		3A243F421DCDBACF001B73A1 /* HSYWordViewController.h */ = {isa = PBXFileReference; fileEncoding = 4; lastKnownFileType = sourcecode.c.h; path = HSYWordViewController.h; sourceTree = "<group>"; };
		3A243F431DCDBACF001B73A1 /* HSYWordViewController.m */ = {isa = PBXFileReference; fileEncoding = 4; lastKnownFileType = sourcecode.c.objc; path = HSYWordViewController.m; sourceTree = "<group>"; };
		3A243F451DCDC39F001B73A1 /* HSYButton.h */ = {isa = PBXFileReference; fileEncoding = 4; lastKnownFileType = sourcecode.c.h; name = HSYButton.h; path = "百思不得姐/classes/Essence - 精华/Controller/HSYButton.h"; sourceTree = SOURCE_ROOT; };
		3A243F461DCDC39F001B73A1 /* HSYButton.m */ = {isa = PBXFileReference; fileEncoding = 4; lastKnownFileType = sourcecode.c.objc; name = HSYButton.m; path = "百思不得姐/classes/Essence - 精华/Controller/HSYButton.m"; sourceTree = SOURCE_ROOT; };
		3A9F6B23C1A1E6C9282230E9 /* libPods-百思不得姐Tests.a */ = {isa = PBXFileReference; explicitFileType = archive.ar; includeInIndex = 0; path = "libPods-百思不得姐Tests.a"; sourceTree = BUILT_PRODUCTS_DIR; };
		3AA883891DD04100002FCA8D /* HSYHTTPSessionManager.h */ = {isa = PBXFileReference; fileEncoding = 4; lastKnownFileType = sourcecode.c.h; path = HSYHTTPSessionManager.h; sourceTree = "<group>"; };
		3AA8838A1DD04100002FCA8D /* HSYHTTPSessionManager.m */ = {isa = PBXFileReference; fileEncoding = 4; lastKnownFileType = sourcecode.c.objc; path = HSYHTTPSessionManager.m; sourceTree = "<group>"; };
		3AA8838F1DD04681002FCA8D /* HSYRefreshHeader.h */ = {isa = PBXFileReference; fileEncoding = 4; lastKnownFileType = sourcecode.c.h; path = HSYRefreshHeader.h; sourceTree = "<group>"; };
		3AA883901DD04681002FCA8D /* HSYRefreshHeader.m */ = {isa = PBXFileReference; fileEncoding = 4; lastKnownFileType = sourcecode.c.objc; path = HSYRefreshHeader.m; sourceTree = "<group>"; };
		3AA883921DD04AEE002FCA8D /* HSYBdjList.h */ = {isa = PBXFileReference; fileEncoding = 4; lastKnownFileType = sourcecode.c.h; name = HSYBdjList.h; path = "百思不得姐/classes/Other - 其他/Category/HSYBdjList.h"; sourceTree = SOURCE_ROOT; };
		3AA883931DD04AEE002FCA8D /* HSYBdjList.m */ = {isa = PBXFileReference; fileEncoding = 4; lastKnownFileType = sourcecode.c.objc; name = HSYBdjList.m; path = "百思不得姐/classes/Other - 其他/Category/HSYBdjList.m"; sourceTree = SOURCE_ROOT; };
		3AA883951DD04E8A002FCA8D /* HSYRefreshFooter.h */ = {isa = PBXFileReference; fileEncoding = 4; lastKnownFileType = sourcecode.c.h; path = HSYRefreshFooter.h; sourceTree = "<group>"; };
		3AA883961DD04E8A002FCA8D /* HSYRefreshFooter.m */ = {isa = PBXFileReference; fileEncoding = 4; lastKnownFileType = sourcecode.c.objc; path = HSYRefreshFooter.m; sourceTree = "<group>"; };
		3AA883981DD057ED002FCA8D /* HSYTopicCell.h */ = {isa = PBXFileReference; fileEncoding = 4; lastKnownFileType = sourcecode.c.h; name = HSYTopicCell.h; path = "百思不得姐/classes/Other - 其他/Category/HSYTopicCell.h"; sourceTree = SOURCE_ROOT; };
		3AA883991DD057ED002FCA8D /* HSYTopicCell.m */ = {isa = PBXFileReference; fileEncoding = 4; lastKnownFileType = sourcecode.c.objc; name = HSYTopicCell.m; path = "百思不得姐/classes/Other - 其他/Category/HSYTopicCell.m"; sourceTree = SOURCE_ROOT; };
		3AA8839B1DD057FF002FCA8D /* HSYTopicCell.xib */ = {isa = PBXFileReference; fileEncoding = 4; lastKnownFileType = file.xib; name = HSYTopicCell.xib; path = "百思不得姐/classes/Other - 其他/Category/HSYTopicCell.xib"; sourceTree = SOURCE_ROOT; };
		3B3B5D726E5D31980738C322 /* Pods-百思不得姐Tests.release.xcconfig */ = {isa = PBXFileReference; includeInIndex = 1; lastKnownFileType = text.xcconfig; name = "Pods-百思不得姐Tests.release.xcconfig"; path = "Pods/Target Support Files/Pods-百思不得姐Tests/Pods-百思不得姐Tests.release.xcconfig"; sourceTree = "<group>"; };
		482053271DC969BC00277F7B /* 百思不得姐.app */ = {isa = PBXFileReference; explicitFileType = wrapper.application; includeInIndex = 0; path = "百思不得姐.app"; sourceTree = BUILT_PRODUCTS_DIR; };
		4820532B1DC969BC00277F7B /* main.m */ = {isa = PBXFileReference; lastKnownFileType = sourcecode.c.objc; path = main.m; sourceTree = "<group>"; };
		482053361DC969BC00277F7B /* Assets.xcassets */ = {isa = PBXFileReference; lastKnownFileType = folder.assetcatalog; path = Assets.xcassets; sourceTree = "<group>"; };
		482053391DC969BC00277F7B /* Base */ = {isa = PBXFileReference; lastKnownFileType = file.storyboard; name = Base; path = Base.lproj/LaunchScreen.storyboard; sourceTree = "<group>"; };
		4820533B1DC969BC00277F7B /* Info.plist */ = {isa = PBXFileReference; lastKnownFileType = text.plist.xml; path = Info.plist; sourceTree = "<group>"; };
		482053401DC969BC00277F7B /* 百思不得姐Tests.xctest */ = {isa = PBXFileReference; explicitFileType = wrapper.cfbundle; includeInIndex = 0; path = "百思不得姐Tests.xctest"; sourceTree = BUILT_PRODUCTS_DIR; };
		482053441DC969BC00277F7B /* _____Tests.m */ = {isa = PBXFileReference; lastKnownFileType = sourcecode.c.objc; path = "_____Tests.m"; sourceTree = "<group>"; };
		482053461DC969BC00277F7B /* Info.plist */ = {isa = PBXFileReference; lastKnownFileType = text.plist.xml; path = Info.plist; sourceTree = "<group>"; };
		4820534B1DC969BC00277F7B /* 百思不得姐UITests.xctest */ = {isa = PBXFileReference; explicitFileType = wrapper.cfbundle; includeInIndex = 0; path = "百思不得姐UITests.xctest"; sourceTree = BUILT_PRODUCTS_DIR; };
		4820534F1DC969BC00277F7B /* _____UITests.m */ = {isa = PBXFileReference; lastKnownFileType = sourcecode.c.objc; path = "_____UITests.m"; sourceTree = "<group>"; };
		482053511DC969BC00277F7B /* Info.plist */ = {isa = PBXFileReference; lastKnownFileType = text.plist.xml; path = Info.plist; sourceTree = "<group>"; };
		482053731DC96F4900277F7B /* HSYEssenceController.h */ = {isa = PBXFileReference; fileEncoding = 4; lastKnownFileType = sourcecode.c.h; path = HSYEssenceController.h; sourceTree = "<group>"; };
		482053741DC96F4900277F7B /* HSYEssenceController.m */ = {isa = PBXFileReference; fileEncoding = 4; lastKnownFileType = sourcecode.c.objc; path = HSYEssenceController.m; sourceTree = "<group>"; };
		482053761DC96F6C00277F7B /* HSYFollowController.h */ = {isa = PBXFileReference; fileEncoding = 4; lastKnownFileType = sourcecode.c.h; path = HSYFollowController.h; sourceTree = "<group>"; };
		482053771DC96F6C00277F7B /* HSYFollowController.m */ = {isa = PBXFileReference; fileEncoding = 4; lastKnownFileType = sourcecode.c.objc; path = HSYFollowController.m; sourceTree = "<group>"; };
		482053791DC96F8100277F7B /* HSYMeController.h */ = {isa = PBXFileReference; fileEncoding = 4; lastKnownFileType = sourcecode.c.h; path = HSYMeController.h; sourceTree = "<group>"; };
		4820537A1DC96F8100277F7B /* HSYMeController.m */ = {isa = PBXFileReference; fileEncoding = 4; lastKnownFileType = sourcecode.c.objc; path = HSYMeController.m; sourceTree = "<group>"; };
		4820537C1DC96F9C00277F7B /* HSYNewController.h */ = {isa = PBXFileReference; fileEncoding = 4; lastKnownFileType = sourcecode.c.h; path = HSYNewController.h; sourceTree = "<group>"; };
		4820537D1DC96F9C00277F7B /* HSYNewController.m */ = {isa = PBXFileReference; fileEncoding = 4; lastKnownFileType = sourcecode.c.objc; path = HSYNewController.m; sourceTree = "<group>"; };
		4820537F1DC96FB300277F7B /* HSYTabBarController.h */ = {isa = PBXFileReference; fileEncoding = 4; lastKnownFileType = sourcecode.c.h; path = HSYTabBarController.h; sourceTree = "<group>"; };
		482053801DC96FB300277F7B /* HSYTabBarController.m */ = {isa = PBXFileReference; fileEncoding = 4; lastKnownFileType = sourcecode.c.objc; path = HSYTabBarController.m; sourceTree = "<group>"; };
		482053821DC96FCF00277F7B /* HSYNavigationController.h */ = {isa = PBXFileReference; fileEncoding = 4; lastKnownFileType = sourcecode.c.h; path = HSYNavigationController.h; sourceTree = "<group>"; };
		482053831DC96FCF00277F7B /* HSYNavigationController.m */ = {isa = PBXFileReference; fileEncoding = 4; lastKnownFileType = sourcecode.c.objc; path = HSYNavigationController.m; sourceTree = "<group>"; };
		482053851DC96FEE00277F7B /* HSYTabBar.h */ = {isa = PBXFileReference; fileEncoding = 4; lastKnownFileType = sourcecode.c.h; path = HSYTabBar.h; sourceTree = "<group>"; };
		482053861DC96FEE00277F7B /* HSYTabBar.m */ = {isa = PBXFileReference; fileEncoding = 4; lastKnownFileType = sourcecode.c.objc; path = HSYTabBar.m; sourceTree = "<group>"; };
		482053881DC9719A00277F7B /* AppDelegate.h */ = {isa = PBXFileReference; fileEncoding = 4; lastKnownFileType = sourcecode.c.h; path = AppDelegate.h; sourceTree = "<group>"; };
		482053891DC9719A00277F7B /* AppDelegate.m */ = {isa = PBXFileReference; fileEncoding = 4; lastKnownFileType = sourcecode.c.objc; path = AppDelegate.m; sourceTree = "<group>"; };
		4820538E1DC972C500277F7B /* UIView+Frame.h */ = {isa = PBXFileReference; fileEncoding = 4; lastKnownFileType = sourcecode.c.h; path = "UIView+Frame.h"; sourceTree = "<group>"; };
		4820538F1DC972C500277F7B /* UIView+Frame.m */ = {isa = PBXFileReference; fileEncoding = 4; lastKnownFileType = sourcecode.c.objc; path = "UIView+Frame.m"; sourceTree = "<group>"; };
		482053911DC973F200277F7B /* UIBarButtonItem+HSYExtension.h */ = {isa = PBXFileReference; fileEncoding = 4; lastKnownFileType = sourcecode.c.h; path = "UIBarButtonItem+HSYExtension.h"; sourceTree = "<group>"; };
		482053921DC973F200277F7B /* UIBarButtonItem+HSYExtension.m */ = {isa = PBXFileReference; fileEncoding = 4; lastKnownFileType = sourcecode.c.objc; path = "UIBarButtonItem+HSYExtension.m"; sourceTree = "<group>"; };
		482053941DC9773600277F7B /* PrefixHeader.pch */ = {isa = PBXFileReference; lastKnownFileType = sourcecode.c.h; name = PrefixHeader.pch; path = ../../PrefixHeader.pch; sourceTree = "<group>"; };
		482053951DC98A7C00277F7B /* HSYSetingController.h */ = {isa = PBXFileReference; fileEncoding = 4; lastKnownFileType = sourcecode.c.h; path = HSYSetingController.h; sourceTree = "<group>"; };
		482053961DC98A7C00277F7B /* HSYSetingController.m */ = {isa = PBXFileReference; fileEncoding = 4; lastKnownFileType = sourcecode.c.objc; path = HSYSetingController.m; sourceTree = "<group>"; };
		482B94F41DCB181100516988 /* HSYFollowController.xib */ = {isa = PBXFileReference; fileEncoding = 4; lastKnownFileType = file.xib; path = HSYFollowController.xib; sourceTree = "<group>"; };
		482B94F61DCB1C4600516988 /* HSYLogoinRegisterController.h */ = {isa = PBXFileReference; fileEncoding = 4; lastKnownFileType = sourcecode.c.h; path = HSYLogoinRegisterController.h; sourceTree = "<group>"; };
		482B94F71DCB1C4600516988 /* HSYLogoinRegisterController.m */ = {isa = PBXFileReference; fileEncoding = 4; lastKnownFileType = sourcecode.c.objc; path = HSYLogoinRegisterController.m; sourceTree = "<group>"; };
		482B94F81DCB1C4600516988 /* HSYLogoinRegisterController.xib */ = {isa = PBXFileReference; fileEncoding = 4; lastKnownFileType = file.xib; path = HSYLogoinRegisterController.xib; sourceTree = "<group>"; };
		482B94FB1DCB251700516988 /* HSYLoginButton.h */ = {isa = PBXFileReference; fileEncoding = 4; lastKnownFileType = sourcecode.c.h; path = HSYLoginButton.h; sourceTree = "<group>"; };
		482B94FC1DCB251700516988 /* HSYLoginButton.m */ = {isa = PBXFileReference; fileEncoding = 4; lastKnownFileType = sourcecode.c.objc; path = HSYLoginButton.m; sourceTree = "<group>"; };
		48775B171DCC1BC2002BF117 /* HSYWebController.h */ = {isa = PBXFileReference; fileEncoding = 4; lastKnownFileType = sourcecode.c.h; path = HSYWebController.h; sourceTree = "<group>"; };
		48775B181DCC1BC2002BF117 /* HSYWebController.m */ = {isa = PBXFileReference; fileEncoding = 4; lastKnownFileType = sourcecode.c.objc; path = HSYWebController.m; sourceTree = "<group>"; };
		48775B191DCC1BC2002BF117 /* HSYWebController.xib */ = {isa = PBXFileReference; fileEncoding = 4; lastKnownFileType = file.xib; path = HSYWebController.xib; sourceTree = "<group>"; };
		9338D86D9B4DE07C01887FB8 /* libPods-百思不得姐.a */ = {isa = PBXFileReference; explicitFileType = archive.ar; includeInIndex = 0; path = "libPods-百思不得姐.a"; sourceTree = BUILT_PRODUCTS_DIR; };
		C357F3D9EE7D7F1FA8C412EB /* Pods-百思不得姐.debug.xcconfig */ = {isa = PBXFileReference; includeInIndex = 1; lastKnownFileType = text.xcconfig; name = "Pods-百思不得姐.debug.xcconfig"; path = "Pods/Target Support Files/Pods-百思不得姐/Pods-百思不得姐.debug.xcconfig"; sourceTree = "<group>"; };
		E3ABEAFFBC9AA9D918049D16 /* Pods-百思不得姐.release.xcconfig */ = {isa = PBXFileReference; includeInIndex = 1; lastKnownFileType = text.xcconfig; name = "Pods-百思不得姐.release.xcconfig"; path = "Pods/Target Support Files/Pods-百思不得姐/Pods-百思不得姐.release.xcconfig"; sourceTree = "<group>"; };
		F07B9CBD2E1226BB636241D6 /* libPods-百思不得姐UITests.a */ = {isa = PBXFileReference; explicitFileType = archive.ar; includeInIndex = 0; path = "libPods-百思不得姐UITests.a"; sourceTree = BUILT_PRODUCTS_DIR; };
		F389F8F5BA77C39874FD9680 /* Pods-百思不得姐Tests.debug.xcconfig */ = {isa = PBXFileReference; includeInIndex = 1; lastKnownFileType = text.xcconfig; name = "Pods-百思不得姐Tests.debug.xcconfig"; path = "Pods/Target Support Files/Pods-百思不得姐Tests/Pods-百思不得姐Tests.debug.xcconfig"; sourceTree = "<group>"; };
/* End PBXFileReference section */

/* Begin PBXFrameworksBuildPhase section */
		482053241DC969BC00277F7B /* Frameworks */ = {
			isa = PBXFrameworksBuildPhase;
			buildActionMask = 2147483647;
			files = (
				EB54AACEEAEEAE5AA864FDF8 /* libPods-百思不得姐.a in Frameworks */,
			);
			runOnlyForDeploymentPostprocessing = 0;
		};
		4820533D1DC969BC00277F7B /* Frameworks */ = {
			isa = PBXFrameworksBuildPhase;
			buildActionMask = 2147483647;
			files = (
				37876EA4DF119D73CA46E748 /* libPods-百思不得姐Tests.a in Frameworks */,
			);
			runOnlyForDeploymentPostprocessing = 0;
		};
		482053481DC969BC00277F7B /* Frameworks */ = {
			isa = PBXFrameworksBuildPhase;
			buildActionMask = 2147483647;
			files = (
				107F2FF07D7CA4C4688CCC11 /* libPods-百思不得姐UITests.a in Frameworks */,
			);
			runOnlyForDeploymentPostprocessing = 0;
		};
/* End PBXFrameworksBuildPhase section */

/* Begin PBXGroup section */
		4820531E1DC969BC00277F7B = {
			isa = PBXGroup;
			children = (
				482053291DC969BC00277F7B /* 百思不得姐 */,
				482053431DC969BC00277F7B /* 百思不得姐Tests */,
				4820534E1DC969BC00277F7B /* 百思不得姐UITests */,
				482053281DC969BC00277F7B /* Products */,
				52D48FC3F31B6826F204AAB4 /* Pods */,
				DA7FF192B2109F0F0BF1A8B0 /* Frameworks */,
			);
			sourceTree = "<group>";
		};
		482053281DC969BC00277F7B /* Products */ = {
			isa = PBXGroup;
			children = (
				482053271DC969BC00277F7B /* 百思不得姐.app */,
				482053401DC969BC00277F7B /* 百思不得姐Tests.xctest */,
				4820534B1DC969BC00277F7B /* 百思不得姐UITests.xctest */,
			);
			name = Products;
			sourceTree = "<group>";
		};
		482053291DC969BC00277F7B /* 百思不得姐 */ = {
			isa = PBXGroup;
			children = (
				4820535D1DC96DDB00277F7B /* classes */,
				482053361DC969BC00277F7B /* Assets.xcassets */,
				482053381DC969BC00277F7B /* LaunchScreen.storyboard */,
				4820533B1DC969BC00277F7B /* Info.plist */,
				4820532A1DC969BC00277F7B /* Supporting Files */,
			);
			path = "百思不得姐";
			sourceTree = "<group>";
		};
		4820532A1DC969BC00277F7B /* Supporting Files */ = {
			isa = PBXGroup;
			children = (
				4820532B1DC969BC00277F7B /* main.m */,
			);
			name = "Supporting Files";
			sourceTree = "<group>";
		};
		482053431DC969BC00277F7B /* 百思不得姐Tests */ = {
			isa = PBXGroup;
			children = (
				482053441DC969BC00277F7B /* _____Tests.m */,
				482053461DC969BC00277F7B /* Info.plist */,
			);
			path = "百思不得姐Tests";
			sourceTree = "<group>";
		};
		4820534E1DC969BC00277F7B /* 百思不得姐UITests */ = {
			isa = PBXGroup;
			children = (
				4820534F1DC969BC00277F7B /* _____UITests.m */,
				482053511DC969BC00277F7B /* Info.plist */,
			);
			path = "百思不得姐UITests";
			sourceTree = "<group>";
		};
		4820535D1DC96DDB00277F7B /* classes */ = {
			isa = PBXGroup;
			children = (
				4820535E1DC96DDB00277F7B /* Essence - 精华 */,
				482053621DC96DDB00277F7B /* Follow - 关注 */,
				482053661DC96DDB00277F7B /* ME-我 */,
				4820536A1DC96DDB00277F7B /* New - 新帖 */,
				4820536E1DC96DDB00277F7B /* Other - 其他 */,
			);
			path = classes;
			sourceTree = "<group>";
		};
		4820535E1DC96DDB00277F7B /* Essence - 精华 */ = {
			isa = PBXGroup;
			children = (
				4820535F1DC96DDB00277F7B /* Controller */,
				482053601DC96DDB00277F7B /* Model */,
				482053611DC96DDB00277F7B /* VIew */,
			);
			path = "Essence - 精华";
			sourceTree = "<group>";
		};
		4820535F1DC96DDB00277F7B /* Controller */ = {
			isa = PBXGroup;
			children = (
				482053731DC96F4900277F7B /* HSYEssenceController.h */,
				482053741DC96F4900277F7B /* HSYEssenceController.m */,
				3A243F361DCDBA8A001B73A1 /* HSYAllViewController.h */,
				3A243F371DCDBA8A001B73A1 /* HSYAllViewController.m */,
				3A243F391DCDBA97001B73A1 /* HSYVideoViewController.h */,
				3A243F3A1DCDBA97001B73A1 /* HSYVideoViewController.m */,
				3A243F3C1DCDBAA7001B73A1 /* HSYVoiceViewController.h */,
				3A243F3D1DCDBAA7001B73A1 /* HSYVoiceViewController.m */,
				3A243F3F1DCDBABE001B73A1 /* HSYPictureViewController.h */,
				3A243F401DCDBABE001B73A1 /* HSYPictureViewController.m */,
				3A243F421DCDBACF001B73A1 /* HSYWordViewController.h */,
				3A243F431DCDBACF001B73A1 /* HSYWordViewController.m */,
			);
			path = Controller;
			sourceTree = "<group>";
		};
		482053601DC96DDB00277F7B /* Model */ = {
			isa = PBXGroup;
			children = (
				3AA883921DD04AEE002FCA8D /* HSYBdjList.h */,
				3AA883931DD04AEE002FCA8D /* HSYBdjList.m */,
			);
			path = Model;
			sourceTree = "<group>";
		};
		482053611DC96DDB00277F7B /* VIew */ = {
			isa = PBXGroup;
			children = (
				3A243F451DCDC39F001B73A1 /* HSYButton.h */,
				3A243F461DCDC39F001B73A1 /* HSYButton.m */,
				3AA883981DD057ED002FCA8D /* HSYTopicCell.h */,
				3AA883991DD057ED002FCA8D /* HSYTopicCell.m */,
				3AA8839B1DD057FF002FCA8D /* HSYTopicCell.xib */,
			);
			path = VIew;
			sourceTree = "<group>";
		};
		482053621DC96DDB00277F7B /* Follow - 关注 */ = {
			isa = PBXGroup;
			children = (
				482053631DC96DDB00277F7B /* Controller */,
				482053641DC96DDB00277F7B /* Model */,
				482053651DC96DDB00277F7B /* VIew */,
			);
			path = "Follow - 关注";
			sourceTree = "<group>";
		};
		482053631DC96DDB00277F7B /* Controller */ = {
			isa = PBXGroup;
			children = (
				482053761DC96F6C00277F7B /* HSYFollowController.h */,
				482053771DC96F6C00277F7B /* HSYFollowController.m */,
				482B94F41DCB181100516988 /* HSYFollowController.xib */,
			);
			path = Controller;
			sourceTree = "<group>";
		};
		482053641DC96DDB00277F7B /* Model */ = {
			isa = PBXGroup;
			children = (
			);
			path = Model;
			sourceTree = "<group>";
		};
		482053651DC96DDB00277F7B /* VIew */ = {
			isa = PBXGroup;
			children = (
			);
			path = VIew;
			sourceTree = "<group>";
		};
		482053661DC96DDB00277F7B /* ME-我 */ = {
			isa = PBXGroup;
			children = (
				482053671DC96DDB00277F7B /* Controller */,
				482053681DC96DDB00277F7B /* Model */,
				482053691DC96DDB00277F7B /* VIew */,
			);
			path = "ME-我";
			sourceTree = "<group>";
		};
		482053671DC96DDB00277F7B /* Controller */ = {
			isa = PBXGroup;
			children = (
				482053791DC96F8100277F7B /* HSYMeController.h */,
				4820537A1DC96F8100277F7B /* HSYMeController.m */,
				482053951DC98A7C00277F7B /* HSYSetingController.h */,
				482053961DC98A7C00277F7B /* HSYSetingController.m */,
				48775B171DCC1BC2002BF117 /* HSYWebController.h */,
				48775B181DCC1BC2002BF117 /* HSYWebController.m */,
				48775B191DCC1BC2002BF117 /* HSYWebController.xib */,
			);
			path = Controller;
			sourceTree = "<group>";
		};
		482053681DC96DDB00277F7B /* Model */ = {
			isa = PBXGroup;
			children = (
				3A0BF2061DCB67E9006CF22C /* HSYMeSquare.h */,
				3A0BF2071DCB67E9006CF22C /* HSYMeSquare.m */,
			);
			path = Model;
			sourceTree = "<group>";
		};
		482053691DC96DDB00277F7B /* VIew */ = {
			isa = PBXGroup;
			children = (
				3A0BF1FD1DCB5B5B006CF22C /* HSYTableViewCell.h */,
				3A0BF1FE1DCB5B5B006CF22C /* HSYTableViewCell.m */,
				3A0BF2031DCB5F92006CF22C /* HSYFootVIew.h */,
				3A0BF2041DCB5F92006CF22C /* HSYFootVIew.m */,
				3A0BF2091DCB6EA1006CF22C /* HSYSquare.h */,
				3A0BF20A1DCB6EA1006CF22C /* HSYSquare.m */,
				3A243F2A1DCD8061001B73A1 /* HSYClearCell.h */,
				3A243F2B1DCD8061001B73A1 /* HSYClearCell.m */,
				3A243F331DCDAF96001B73A1 /* HSYOtherCell.h */,
				3A243F341DCDAF96001B73A1 /* HSYOtherCell.m */,
			);
			path = VIew;
			sourceTree = "<group>";
		};
		4820536A1DC96DDB00277F7B /* New - 新帖 */ = {
			isa = PBXGroup;
			children = (
				4820536B1DC96DDB00277F7B /* Controller */,
				4820536C1DC96DDB00277F7B /* Model */,
				4820536D1DC96DDB00277F7B /* VIew */,
			);
			path = "New - 新帖";
			sourceTree = "<group>";
		};
		4820536B1DC96DDB00277F7B /* Controller */ = {
			isa = PBXGroup;
			children = (
				4820537C1DC96F9C00277F7B /* HSYNewController.h */,
				4820537D1DC96F9C00277F7B /* HSYNewController.m */,
			);
			path = Controller;
			sourceTree = "<group>";
		};
		4820536C1DC96DDB00277F7B /* Model */ = {
			isa = PBXGroup;
			children = (
			);
			path = Model;
			sourceTree = "<group>";
		};
		4820536D1DC96DDB00277F7B /* VIew */ = {
			isa = PBXGroup;
			children = (
			);
			path = VIew;
			sourceTree = "<group>";
		};
		4820536E1DC96DDB00277F7B /* Other - 其他 */ = {
			isa = PBXGroup;
			children = (
				3A0BF2001DCB5C20006CF22C /* HSYTCommenCons.h */,
				3A0BF2011DCB5C20006CF22C /* HSYTCommenCons.m */,
				482053941DC9773600277F7B /* PrefixHeader.pch */,
				482053881DC9719A00277F7B /* AppDelegate.h */,
				482053891DC9719A00277F7B /* AppDelegate.m */,
				482053721DC96E2200277F7B /* Controller */,
				4820536F1DC96DDB00277F7B /* Category */,
				482053701DC96DDB00277F7B /* Model */,
				482053711DC96DDB00277F7B /* VIew */,
				3AA883891DD04100002FCA8D /* HSYHTTPSessionManager.h */,
				3AA8838A1DD04100002FCA8D /* HSYHTTPSessionManager.m */,
			);
			path = "Other - 其他";
			sourceTree = "<group>";
		};
		4820536F1DC96DDB00277F7B /* Category */ = {
			isa = PBXGroup;
			children = (
				4820538E1DC972C500277F7B /* UIView+Frame.h */,
				4820538F1DC972C500277F7B /* UIView+Frame.m */,
				482053911DC973F200277F7B /* UIBarButtonItem+HSYExtension.h */,
				482053921DC973F200277F7B /* UIBarButtonItem+HSYExtension.m */,
				3A0BF1FA1DCB5253006CF22C /* UITextField+HSYTextField.h */,
				3A0BF1FB1DCB5253006CF22C /* UITextField+HSYTextField.m */,
				3A243F301DCD9135001B73A1 /* NSString+HSYFileSize.h */,
				3A243F311DCD9135001B73A1 /* NSString+HSYFileSize.m */,
				3AA8838F1DD04681002FCA8D /* HSYRefreshHeader.h */,
				3AA883901DD04681002FCA8D /* HSYRefreshHeader.m */,
				3AA883951DD04E8A002FCA8D /* HSYRefreshFooter.h */,
				3AA883961DD04E8A002FCA8D /* HSYRefreshFooter.m */,
			);
			path = Category;
			sourceTree = "<group>";
		};
		482053701DC96DDB00277F7B /* Model */ = {
			isa = PBXGroup;
			children = (
			);
			path = Model;
			sourceTree = "<group>";
		};
		482053711DC96DDB00277F7B /* VIew */ = {
			isa = PBXGroup;
			children = (
				482B94FB1DCB251700516988 /* HSYLoginButton.h */,
				482B94FC1DCB251700516988 /* HSYLoginButton.m */,
				3A0BF1F71DCB51E0006CF22C /* HSYTextField.h */,
				3A0BF1F81DCB51E0006CF22C /* HSYTextField.m */,
			);
			path = VIew;
			sourceTree = "<group>";
		};
		482053721DC96E2200277F7B /* Controller */ = {
			isa = PBXGroup;
			children = (
				4820537F1DC96FB300277F7B /* HSYTabBarController.h */,
				482053801DC96FB300277F7B /* HSYTabBarController.m */,
				482053821DC96FCF00277F7B /* HSYNavigationController.h */,
				482053831DC96FCF00277F7B /* HSYNavigationController.m */,
				482053851DC96FEE00277F7B /* HSYTabBar.h */,
				482053861DC96FEE00277F7B /* HSYTabBar.m */,
				482B94F61DCB1C4600516988 /* HSYLogoinRegisterController.h */,
				482B94F71DCB1C4600516988 /* HSYLogoinRegisterController.m */,
				482B94F81DCB1C4600516988 /* HSYLogoinRegisterController.xib */,
			);
			path = Controller;
			sourceTree = "<group>";
		};
		52D48FC3F31B6826F204AAB4 /* Pods */ = {
			isa = PBXGroup;
			children = (
				C357F3D9EE7D7F1FA8C412EB /* Pods-百思不得姐.debug.xcconfig */,
				E3ABEAFFBC9AA9D918049D16 /* Pods-百思不得姐.release.xcconfig */,
				F389F8F5BA77C39874FD9680 /* Pods-百思不得姐Tests.debug.xcconfig */,
				3B3B5D726E5D31980738C322 /* Pods-百思不得姐Tests.release.xcconfig */,
				28FE0DBF8488D20B833AC545 /* Pods-百思不得姐UITests.debug.xcconfig */,
				066C2B64E5B66593F86094D3 /* Pods-百思不得姐UITests.release.xcconfig */,
			);
			name = Pods;
			sourceTree = "<group>";
		};
		DA7FF192B2109F0F0BF1A8B0 /* Frameworks */ = {
			isa = PBXGroup;
			children = (
				9338D86D9B4DE07C01887FB8 /* libPods-百思不得姐.a */,
				3A9F6B23C1A1E6C9282230E9 /* libPods-百思不得姐Tests.a */,
				F07B9CBD2E1226BB636241D6 /* libPods-百思不得姐UITests.a */,
			);
			name = Frameworks;
			sourceTree = "<group>";
		};
/* End PBXGroup section */

/* Begin PBXNativeTarget section */
		482053261DC969BC00277F7B /* 百思不得姐 */ = {
			isa = PBXNativeTarget;
			buildConfigurationList = 482053541DC969BC00277F7B /* Build configuration list for PBXNativeTarget "百思不得姐" */;
			buildPhases = (
				41609D9FC49A71C70991E66D /* [CP] Check Pods Manifest.lock */,
				482053231DC969BC00277F7B /* Sources */,
				482053241DC969BC00277F7B /* Frameworks */,
				482053251DC969BC00277F7B /* Resources */,
				1354B0D7F3FC23D985274022 /* [CP] Embed Pods Frameworks */,
				1EB90AD8EFF536426847C397 /* [CP] Copy Pods Resources */,
			);
			buildRules = (
			);
			dependencies = (
			);
			name = "百思不得姐";
			productName = "百思不得姐";
			productReference = 482053271DC969BC00277F7B /* 百思不得姐.app */;
			productType = "com.apple.product-type.application";
		};
		4820533F1DC969BC00277F7B /* 百思不得姐Tests */ = {
			isa = PBXNativeTarget;
			buildConfigurationList = 482053571DC969BC00277F7B /* Build configuration list for PBXNativeTarget "百思不得姐Tests" */;
			buildPhases = (
				1AC2AD96846679CAB476D8D2 /* [CP] Check Pods Manifest.lock */,
				4820533C1DC969BC00277F7B /* Sources */,
				4820533D1DC969BC00277F7B /* Frameworks */,
				4820533E1DC969BC00277F7B /* Resources */,
				3073A0D3CBCCCE6B0BAD706B /* [CP] Embed Pods Frameworks */,
				C313466C1C82CF25CE68133C /* [CP] Copy Pods Resources */,
			);
			buildRules = (
			);
			dependencies = (
				482053421DC969BC00277F7B /* PBXTargetDependency */,
			);
			name = "百思不得姐Tests";
			productName = "百思不得姐Tests";
			productReference = 482053401DC969BC00277F7B /* 百思不得姐Tests.xctest */;
			productType = "com.apple.product-type.bundle.unit-test";
		};
		4820534A1DC969BC00277F7B /* 百思不得姐UITests */ = {
			isa = PBXNativeTarget;
			buildConfigurationList = 4820535A1DC969BC00277F7B /* Build configuration list for PBXNativeTarget "百思不得姐UITests" */;
			buildPhases = (
				96BD10C0FB85801AC7A8420B /* [CP] Check Pods Manifest.lock */,
				482053471DC969BC00277F7B /* Sources */,
				482053481DC969BC00277F7B /* Frameworks */,
				482053491DC969BC00277F7B /* Resources */,
				F2825C3541794BB8DBAB95B1 /* [CP] Copy Pods Resources */,
			);
			buildRules = (
			);
			dependencies = (
				4820534D1DC969BC00277F7B /* PBXTargetDependency */,
			);
			name = "百思不得姐UITests";
			productName = "百思不得姐UITests";
			productReference = 4820534B1DC969BC00277F7B /* 百思不得姐UITests.xctest */;
			productType = "com.apple.product-type.bundle.ui-testing";
		};
/* End PBXNativeTarget section */

/* Begin PBXProject section */
		4820531F1DC969BC00277F7B /* Project object */ = {
			isa = PBXProject;
			attributes = {
				CLASSPREFIX = HSY;
				LastUpgradeCheck = 0720;
				ORGANIZATIONNAME = Apple_Lzzy27;
				TargetAttributes = {
					482053261DC969BC00277F7B = {
						CreatedOnToolsVersion = 7.2;
					};
					4820533F1DC969BC00277F7B = {
						CreatedOnToolsVersion = 7.2;
						TestTargetID = 482053261DC969BC00277F7B;
					};
					4820534A1DC969BC00277F7B = {
						CreatedOnToolsVersion = 7.2;
						TestTargetID = 482053261DC969BC00277F7B;
					};
				};
			};
			buildConfigurationList = 482053221DC969BC00277F7B /* Build configuration list for PBXProject "百思不得姐" */;
			compatibilityVersion = "Xcode 3.2";
			developmentRegion = English;
			hasScannedForEncodings = 0;
			knownRegions = (
				en,
				Base,
			);
			mainGroup = 4820531E1DC969BC00277F7B;
			productRefGroup = 482053281DC969BC00277F7B /* Products */;
			projectDirPath = "";
			projectRoot = "";
			targets = (
				482053261DC969BC00277F7B /* 百思不得姐 */,
				4820533F1DC969BC00277F7B /* 百思不得姐Tests */,
				4820534A1DC969BC00277F7B /* 百思不得姐UITests */,
			);
		};
/* End PBXProject section */

/* Begin PBXResourcesBuildPhase section */
		482053251DC969BC00277F7B /* Resources */ = {
			isa = PBXResourcesBuildPhase;
			buildActionMask = 2147483647;
			files = (
				3AA8839C1DD057FF002FCA8D /* HSYTopicCell.xib in Resources */,
				4820533A1DC969BC00277F7B /* LaunchScreen.storyboard in Resources */,
				482B94FA1DCB1C4600516988 /* HSYLogoinRegisterController.xib in Resources */,
				482053371DC969BC00277F7B /* Assets.xcassets in Resources */,
				48775B1B1DCC1BC2002BF117 /* HSYWebController.xib in Resources */,
				482B94F51DCB181100516988 /* HSYFollowController.xib in Resources */,
			);
			runOnlyForDeploymentPostprocessing = 0;
		};
		4820533E1DC969BC00277F7B /* Resources */ = {
			isa = PBXResourcesBuildPhase;
			buildActionMask = 2147483647;
			files = (
			);
			runOnlyForDeploymentPostprocessing = 0;
		};
		482053491DC969BC00277F7B /* Resources */ = {
			isa = PBXResourcesBuildPhase;
			buildActionMask = 2147483647;
			files = (
			);
			runOnlyForDeploymentPostprocessing = 0;
		};
/* End PBXResourcesBuildPhase section */

/* Begin PBXShellScriptBuildPhase section */
		1354B0D7F3FC23D985274022 /* [CP] Embed Pods Frameworks */ = {
			isa = PBXShellScriptBuildPhase;
			buildActionMask = 2147483647;
			files = (
			);
			inputPaths = (
			);
			name = "[CP] Embed Pods Frameworks";
			outputPaths = (
			);
			runOnlyForDeploymentPostprocessing = 0;
			shellPath = /bin/sh;
			shellScript = "\"${SRCROOT}/Pods/Target Support Files/Pods-百思不得姐/Pods-百思不得姐-frameworks.sh\"\n";
			showEnvVarsInLog = 0;
		};
		1AC2AD96846679CAB476D8D2 /* [CP] Check Pods Manifest.lock */ = {
			isa = PBXShellScriptBuildPhase;
			buildActionMask = 2147483647;
			files = (
			);
			inputPaths = (
			);
			name = "[CP] Check Pods Manifest.lock";
			outputPaths = (
			);
			runOnlyForDeploymentPostprocessing = 0;
			shellPath = /bin/sh;
			shellScript = "diff \"${PODS_ROOT}/../Podfile.lock\" \"${PODS_ROOT}/Manifest.lock\" > /dev/null\nif [[ $? != 0 ]] ; then\n    cat << EOM\nerror: The sandbox is not in sync with the Podfile.lock. Run 'pod install' or update your CocoaPods installation.\nEOM\n    exit 1\nfi\n";
			showEnvVarsInLog = 0;
		};
		1EB90AD8EFF536426847C397 /* [CP] Copy Pods Resources */ = {
			isa = PBXShellScriptBuildPhase;
			buildActionMask = 2147483647;
			files = (
			);
			inputPaths = (
			);
			name = "[CP] Copy Pods Resources";
			outputPaths = (
			);
			runOnlyForDeploymentPostprocessing = 0;
			shellPath = /bin/sh;
			shellScript = "\"${SRCROOT}/Pods/Target Support Files/Pods-百思不得姐/Pods-百思不得姐-resources.sh\"\n";
			showEnvVarsInLog = 0;
		};
		3073A0D3CBCCCE6B0BAD706B /* [CP] Embed Pods Frameworks */ = {
			isa = PBXShellScriptBuildPhase;
			buildActionMask = 2147483647;
			files = (
			);
			inputPaths = (
			);
			name = "[CP] Embed Pods Frameworks";
			outputPaths = (
			);
			runOnlyForDeploymentPostprocessing = 0;
			shellPath = /bin/sh;
			shellScript = "\"${SRCROOT}/Pods/Target Support Files/Pods-百思不得姐Tests/Pods-百思不得姐Tests-frameworks.sh\"\n";
			showEnvVarsInLog = 0;
		};
		41609D9FC49A71C70991E66D /* [CP] Check Pods Manifest.lock */ = {
			isa = PBXShellScriptBuildPhase;
			buildActionMask = 2147483647;
			files = (
			);
			inputPaths = (
			);
			name = "[CP] Check Pods Manifest.lock";
			outputPaths = (
			);
			runOnlyForDeploymentPostprocessing = 0;
			shellPath = /bin/sh;
			shellScript = "diff \"${PODS_ROOT}/../Podfile.lock\" \"${PODS_ROOT}/Manifest.lock\" > /dev/null\nif [[ $? != 0 ]] ; then\n    cat << EOM\nerror: The sandbox is not in sync with the Podfile.lock. Run 'pod install' or update your CocoaPods installation.\nEOM\n    exit 1\nfi\n";
			showEnvVarsInLog = 0;
		};
		96BD10C0FB85801AC7A8420B /* [CP] Check Pods Manifest.lock */ = {
			isa = PBXShellScriptBuildPhase;
			buildActionMask = 2147483647;
			files = (
			);
			inputPaths = (
			);
			name = "[CP] Check Pods Manifest.lock";
			outputPaths = (
			);
			runOnlyForDeploymentPostprocessing = 0;
			shellPath = /bin/sh;
			shellScript = "diff \"${PODS_ROOT}/../Podfile.lock\" \"${PODS_ROOT}/Manifest.lock\" > /dev/null\nif [[ $? != 0 ]] ; then\n    cat << EOM\nerror: The sandbox is not in sync with the Podfile.lock. Run 'pod install' or update your CocoaPods installation.\nEOM\n    exit 1\nfi\n";
			showEnvVarsInLog = 0;
		};
		C313466C1C82CF25CE68133C /* [CP] Copy Pods Resources */ = {
			isa = PBXShellScriptBuildPhase;
			buildActionMask = 2147483647;
			files = (
			);
			inputPaths = (
			);
			name = "[CP] Copy Pods Resources";
			outputPaths = (
			);
			runOnlyForDeploymentPostprocessing = 0;
			shellPath = /bin/sh;
			shellScript = "\"${SRCROOT}/Pods/Target Support Files/Pods-百思不得姐Tests/Pods-百思不得姐Tests-resources.sh\"\n";
			showEnvVarsInLog = 0;
		};
		F2825C3541794BB8DBAB95B1 /* [CP] Copy Pods Resources */ = {
			isa = PBXShellScriptBuildPhase;
			buildActionMask = 2147483647;
			files = (
			);
			inputPaths = (
			);
			name = "[CP] Copy Pods Resources";
			outputPaths = (
			);
			runOnlyForDeploymentPostprocessing = 0;
			shellPath = /bin/sh;
			shellScript = "\"${SRCROOT}/Pods/Target Support Files/Pods-百思不得姐UITests/Pods-百思不得姐UITests-resources.sh\"\n";
			showEnvVarsInLog = 0;
		};
/* End PBXShellScriptBuildPhase section */

/* Begin PBXSourcesBuildPhase section */
		482053231DC969BC00277F7B /* Sources */ = {
			isa = PBXSourcesBuildPhase;
			buildActionMask = 2147483647;
			files = (
				482053841DC96FCF00277F7B /* HSYNavigationController.m in Sources */,
				3A243F351DCDAF96001B73A1 /* HSYOtherCell.m in Sources */,
				3A0BF2051DCB5F92006CF22C /* HSYFootVIew.m in Sources */,
				482B94F91DCB1C4600516988 /* HSYLogoinRegisterController.m in Sources */,
				3A243F321DCD9135001B73A1 /* NSString+HSYFileSize.m in Sources */,
				3AA8838B1DD04100002FCA8D /* HSYHTTPSessionManager.m in Sources */,
				3A243F3B1DCDBA97001B73A1 /* HSYVideoViewController.m in Sources */,
				3A243F381DCDBA8A001B73A1 /* HSYAllViewController.m in Sources */,
				482B94FD1DCB251700516988 /* HSYLoginButton.m in Sources */,
				3AA883941DD04AEE002FCA8D /* HSYBdjList.m in Sources */,
				4820537B1DC96F8100277F7B /* HSYMeController.m in Sources */,
				3AA883971DD04E8A002FCA8D /* HSYRefreshFooter.m in Sources */,
				48775B1A1DCC1BC2002BF117 /* HSYWebController.m in Sources */,
				3A0BF1FC1DCB5253006CF22C /* UITextField+HSYTextField.m in Sources */,
				3A243F411DCDBABE001B73A1 /* HSYPictureViewController.m in Sources */,
				3A0BF1F91DCB51E0006CF22C /* HSYTextField.m in Sources */,
				3AA8839A1DD057ED002FCA8D /* HSYTopicCell.m in Sources */,
				3A0BF2081DCB67E9006CF22C /* HSYMeSquare.m in Sources */,
				3A243F471DCDC39F001B73A1 /* HSYButton.m in Sources */,
				4820538A1DC9719A00277F7B /* AppDelegate.m in Sources */,
				3A0BF2021DCB5C20006CF22C /* HSYTCommenCons.m in Sources */,
				4820532C1DC969BC00277F7B /* main.m in Sources */,
				3A243F3E1DCDBAA7001B73A1 /* HSYVoiceViewController.m in Sources */,
				482053811DC96FB300277F7B /* HSYTabBarController.m in Sources */,
				3A0BF20B1DCB6EA1006CF22C /* HSYSquare.m in Sources */,
				3AA883911DD04681002FCA8D /* HSYRefreshHeader.m in Sources */,
				482053931DC973F200277F7B /* UIBarButtonItem+HSYExtension.m in Sources */,
				3A243F2C1DCD8061001B73A1 /* HSYClearCell.m in Sources */,
				482053971DC98A7C00277F7B /* HSYSetingController.m in Sources */,
				3A243F441DCDBACF001B73A1 /* HSYWordViewController.m in Sources */,
				482053781DC96F6C00277F7B /* HSYFollowController.m in Sources */,
				4820537E1DC96F9C00277F7B /* HSYNewController.m in Sources */,
				482053871DC96FEE00277F7B /* HSYTabBar.m in Sources */,
				3A0BF1FF1DCB5B5B006CF22C /* HSYTableViewCell.m in Sources */,
				482053901DC972C500277F7B /* UIView+Frame.m in Sources */,
				482053751DC96F4900277F7B /* HSYEssenceController.m in Sources */,
			);
			runOnlyForDeploymentPostprocessing = 0;
		};
		4820533C1DC969BC00277F7B /* Sources */ = {
			isa = PBXSourcesBuildPhase;
			buildActionMask = 2147483647;
			files = (
				482053451DC969BC00277F7B /* _____Tests.m in Sources */,
			);
			runOnlyForDeploymentPostprocessing = 0;
		};
		482053471DC969BC00277F7B /* Sources */ = {
			isa = PBXSourcesBuildPhase;
			buildActionMask = 2147483647;
			files = (
				482053501DC969BC00277F7B /* _____UITests.m in Sources */,
			);
			runOnlyForDeploymentPostprocessing = 0;
		};
/* End PBXSourcesBuildPhase section */

/* Begin PBXTargetDependency section */
		482053421DC969BC00277F7B /* PBXTargetDependency */ = {
			isa = PBXTargetDependency;
			target = 482053261DC969BC00277F7B /* 百思不得姐 */;
			targetProxy = 482053411DC969BC00277F7B /* PBXContainerItemProxy */;
		};
		4820534D1DC969BC00277F7B /* PBXTargetDependency */ = {
			isa = PBXTargetDependency;
			target = 482053261DC969BC00277F7B /* 百思不得姐 */;
			targetProxy = 4820534C1DC969BC00277F7B /* PBXContainerItemProxy */;
		};
/* End PBXTargetDependency section */

/* Begin PBXVariantGroup section */
		482053381DC969BC00277F7B /* LaunchScreen.storyboard */ = {
			isa = PBXVariantGroup;
			children = (
				482053391DC969BC00277F7B /* Base */,
			);
			name = LaunchScreen.storyboard;
			sourceTree = "<group>";
		};
/* End PBXVariantGroup section */

/* Begin XCBuildConfiguration section */
		482053521DC969BC00277F7B /* Debug */ = {
			isa = XCBuildConfiguration;
			buildSettings = {
				ALWAYS_SEARCH_USER_PATHS = NO;
				CLANG_CXX_LANGUAGE_STANDARD = "gnu++0x";
				CLANG_CXX_LIBRARY = "libc++";
				CLANG_ENABLE_MODULES = YES;
				CLANG_ENABLE_OBJC_ARC = YES;
				CLANG_WARN_BOOL_CONVERSION = YES;
				CLANG_WARN_CONSTANT_CONVERSION = YES;
				CLANG_WARN_DIRECT_OBJC_ISA_USAGE = YES_ERROR;
				CLANG_WARN_EMPTY_BODY = YES;
				CLANG_WARN_ENUM_CONVERSION = YES;
				CLANG_WARN_INT_CONVERSION = YES;
				CLANG_WARN_OBJC_ROOT_CLASS = YES_ERROR;
				CLANG_WARN_UNREACHABLE_CODE = YES;
				CLANG_WARN__DUPLICATE_METHOD_MATCH = YES;
				"CODE_SIGN_IDENTITY[sdk=iphoneos*]" = "iPhone Developer";
				COPY_PHASE_STRIP = NO;
				DEBUG_INFORMATION_FORMAT = dwarf;
				ENABLE_STRICT_OBJC_MSGSEND = YES;
				ENABLE_TESTABILITY = YES;
				GCC_C_LANGUAGE_STANDARD = gnu99;
				GCC_DYNAMIC_NO_PIC = NO;
				GCC_NO_COMMON_BLOCKS = YES;
				GCC_OPTIMIZATION_LEVEL = 0;
				GCC_PREPROCESSOR_DEFINITIONS = (
					"DEBUG=1",
					"$(inherited)",
				);
				GCC_WARN_64_TO_32_BIT_CONVERSION = YES;
				GCC_WARN_ABOUT_RETURN_TYPE = YES_ERROR;
				GCC_WARN_UNDECLARED_SELECTOR = YES;
				GCC_WARN_UNINITIALIZED_AUTOS = YES_AGGRESSIVE;
				GCC_WARN_UNUSED_FUNCTION = YES;
				GCC_WARN_UNUSED_VARIABLE = YES;
				IPHONEOS_DEPLOYMENT_TARGET = 9.2;
				MTL_ENABLE_DEBUG_INFO = YES;
				ONLY_ACTIVE_ARCH = YES;
				SDKROOT = iphoneos;
			};
			name = Debug;
		};
		482053531DC969BC00277F7B /* Release */ = {
			isa = XCBuildConfiguration;
			buildSettings = {
				ALWAYS_SEARCH_USER_PATHS = NO;
				CLANG_CXX_LANGUAGE_STANDARD = "gnu++0x";
				CLANG_CXX_LIBRARY = "libc++";
				CLANG_ENABLE_MODULES = YES;
				CLANG_ENABLE_OBJC_ARC = YES;
				CLANG_WARN_BOOL_CONVERSION = YES;
				CLANG_WARN_CONSTANT_CONVERSION = YES;
				CLANG_WARN_DIRECT_OBJC_ISA_USAGE = YES_ERROR;
				CLANG_WARN_EMPTY_BODY = YES;
				CLANG_WARN_ENUM_CONVERSION = YES;
				CLANG_WARN_INT_CONVERSION = YES;
				CLANG_WARN_OBJC_ROOT_CLASS = YES_ERROR;
				CLANG_WARN_UNREACHABLE_CODE = YES;
				CLANG_WARN__DUPLICATE_METHOD_MATCH = YES;
				"CODE_SIGN_IDENTITY[sdk=iphoneos*]" = "iPhone Developer";
				COPY_PHASE_STRIP = NO;
				DEBUG_INFORMATION_FORMAT = "dwarf-with-dsym";
				ENABLE_NS_ASSERTIONS = NO;
				ENABLE_STRICT_OBJC_MSGSEND = YES;
				GCC_C_LANGUAGE_STANDARD = gnu99;
				GCC_NO_COMMON_BLOCKS = YES;
				GCC_WARN_64_TO_32_BIT_CONVERSION = YES;
				GCC_WARN_ABOUT_RETURN_TYPE = YES_ERROR;
				GCC_WARN_UNDECLARED_SELECTOR = YES;
				GCC_WARN_UNINITIALIZED_AUTOS = YES_AGGRESSIVE;
				GCC_WARN_UNUSED_FUNCTION = YES;
				GCC_WARN_UNUSED_VARIABLE = YES;
				IPHONEOS_DEPLOYMENT_TARGET = 9.2;
				MTL_ENABLE_DEBUG_INFO = NO;
				SDKROOT = iphoneos;
				VALIDATE_PRODUCT = YES;
			};
			name = Release;
		};
		482053551DC969BC00277F7B /* Debug */ = {
			isa = XCBuildConfiguration;
			baseConfigurationReference = C357F3D9EE7D7F1FA8C412EB /* Pods-百思不得姐.debug.xcconfig */;
			buildSettings = {
				ASSETCATALOG_COMPILER_APPICON_NAME = AppIcon;
				ASSETCATALOG_COMPILER_LAUNCHIMAGE_NAME = "Brand Assets";
				GCC_PRECOMPILE_PREFIX_HEADER = YES;
				GCC_PREFIX_HEADER = "百思不得姐/PrefixHeader.pch";
				INFOPLIST_FILE = "百思不得姐/Info.plist";
				IPHONEOS_DEPLOYMENT_TARGET = 8.0;
				LD_RUNPATH_SEARCH_PATHS = "$(inherited) @executable_path/Frameworks";
				PRODUCT_BUNDLE_IDENTIFIER = "com.-----";
				PRODUCT_NAME = "$(TARGET_NAME)";
			};
			name = Debug;
		};
		482053561DC969BC00277F7B /* Release */ = {
			isa = XCBuildConfiguration;
			baseConfigurationReference = E3ABEAFFBC9AA9D918049D16 /* Pods-百思不得姐.release.xcconfig */;
			buildSettings = {
				ASSETCATALOG_COMPILER_APPICON_NAME = AppIcon;
				ASSETCATALOG_COMPILER_LAUNCHIMAGE_NAME = "Brand Assets";
				GCC_PRECOMPILE_PREFIX_HEADER = YES;
				GCC_PREFIX_HEADER = "百思不得姐/PrefixHeader.pch";
				INFOPLIST_FILE = "百思不得姐/Info.plist";
				IPHONEOS_DEPLOYMENT_TARGET = 8.0;
				LD_RUNPATH_SEARCH_PATHS = "$(inherited) @executable_path/Frameworks";
				PRODUCT_BUNDLE_IDENTIFIER = "com.-----";
				PRODUCT_NAME = "$(TARGET_NAME)";
			};
			name = Release;
		};
		482053581DC969BC00277F7B /* Debug */ = {
			isa = XCBuildConfiguration;
			baseConfigurationReference = F389F8F5BA77C39874FD9680 /* Pods-百思不得姐Tests.debug.xcconfig */;
			buildSettings = {
				BUNDLE_LOADER = "$(TEST_HOST)";
				INFOPLIST_FILE = "百思不得姐Tests/Info.plist";
				LD_RUNPATH_SEARCH_PATHS = "$(inherited) @executable_path/Frameworks @loader_path/Frameworks";
				PRODUCT_BUNDLE_IDENTIFIER = "com.-----Tests";
				PRODUCT_NAME = "$(TARGET_NAME)";
				TEST_HOST = "$(BUILT_PRODUCTS_DIR)/百思不得姐.app/百思不得姐";
			};
			name = Debug;
		};
		482053591DC969BC00277F7B /* Release */ = {
			isa = XCBuildConfiguration;
			baseConfigurationReference = 3B3B5D726E5D31980738C322 /* Pods-百思不得姐Tests.release.xcconfig */;
			buildSettings = {
				BUNDLE_LOADER = "$(TEST_HOST)";
				INFOPLIST_FILE = "百思不得姐Tests/Info.plist";
				LD_RUNPATH_SEARCH_PATHS = "$(inherited) @executable_path/Frameworks @loader_path/Frameworks";
				PRODUCT_BUNDLE_IDENTIFIER = "com.-----Tests";
				PRODUCT_NAME = "$(TARGET_NAME)";
				TEST_HOST = "$(BUILT_PRODUCTS_DIR)/百思不得姐.app/百思不得姐";
			};
			name = Release;
		};
		4820535B1DC969BC00277F7B /* Debug */ = {
			isa = XCBuildConfiguration;
			baseConfigurationReference = 28FE0DBF8488D20B833AC545 /* Pods-百思不得姐UITests.debug.xcconfig */;
			buildSettings = {
				INFOPLIST_FILE = "百思不得姐UITests/Info.plist";
				LD_RUNPATH_SEARCH_PATHS = "$(inherited) @executable_path/Frameworks @loader_path/Frameworks";
				PRODUCT_BUNDLE_IDENTIFIER = "com.-----UITests";
				PRODUCT_NAME = "$(TARGET_NAME)";
				TEST_TARGET_NAME = "百思不得姐";
				USES_XCTRUNNER = YES;
			};
			name = Debug;
		};
		4820535C1DC969BC00277F7B /* Release */ = {
			isa = XCBuildConfiguration;
			baseConfigurationReference = 066C2B64E5B66593F86094D3 /* Pods-百思不得姐UITests.release.xcconfig */;
			buildSettings = {
				INFOPLIST_FILE = "百思不得姐UITests/Info.plist";
				LD_RUNPATH_SEARCH_PATHS = "$(inherited) @executable_path/Frameworks @loader_path/Frameworks";
				PRODUCT_BUNDLE_IDENTIFIER = "com.-----UITests";
				PRODUCT_NAME = "$(TARGET_NAME)";
				TEST_TARGET_NAME = "百思不得姐";
				USES_XCTRUNNER = YES;
			};
			name = Release;
		};
/* End XCBuildConfiguration section */

/* Begin XCConfigurationList section */
		482053221DC969BC00277F7B /* Build configuration list for PBXProject "百思不得姐" */ = {
			isa = XCConfigurationList;
			buildConfigurations = (
				482053521DC969BC00277F7B /* Debug */,
				482053531DC969BC00277F7B /* Release */,
			);
			defaultConfigurationIsVisible = 0;
			defaultConfigurationName = Release;
		};
		482053541DC969BC00277F7B /* Build configuration list for PBXNativeTarget "百思不得姐" */ = {
			isa = XCConfigurationList;
			buildConfigurations = (
				482053551DC969BC00277F7B /* Debug */,
				482053561DC969BC00277F7B /* Release */,
			);
			defaultConfigurationIsVisible = 0;
			defaultConfigurationName = Release;
		};
		482053571DC969BC00277F7B /* Build configuration list for PBXNativeTarget "百思不得姐Tests" */ = {
			isa = XCConfigurationList;
			buildConfigurations = (
				482053581DC969BC00277F7B /* Debug */,
				482053591DC969BC00277F7B /* Release */,
			);
			defaultConfigurationIsVisible = 0;
			defaultConfigurationName = Release;
		};
		4820535A1DC969BC00277F7B /* Build configuration list for PBXNativeTarget "百思不得姐UITests" */ = {
			isa = XCConfigurationList;
			buildConfigurations = (
				4820535B1DC969BC00277F7B /* Debug */,
				4820535C1DC969BC00277F7B /* Release */,
			);
			defaultConfigurationIsVisible = 0;
			defaultConfigurationName = Release;
		};
/* End XCConfigurationList section */
	};
	rootObject = 4820531F1DC969BC00277F7B /* Project object */;
}
